
Microsoft Visual Studio Solution File, Format Version 12.00
# Visual Studio Version 17
VisualStudioVersion = 17.3.32804.467
MinimumVisualStudioVersion = 10.0.40219.1
Project("{2150E333-8FDC-42A3-9474-1A3956D46DE8}") = "ShopMangement", "ShopMangement", "{77BF6B43-A1CC-4B07-9342-D7EB30D6C105}"
EndProject
Project("{2150E333-8FDC-42A3-9474-1A3956D46DE8}") = "SM.Domain", "SM.Domain", "{746D1A95-7B07-4D6C-9008-166E678CB36B}"
EndProject
Project("{9A19103F-16F7-4668-BE54-9A1E7A4F7556}") = "ShopManagement.Domain", "ShopManagement.Domain\ShopManagement.Domain.csproj", "{DFEBDA43-E897-4227-ADD0-FB05C5FF6496}"
EndProject
Project("{9A19103F-16F7-4668-BE54-9A1E7A4F7556}") = "0_Framework", "0_Framework\0_Framework.csproj", "{EA5A8A55-70EC-449F-84C7-040DF1884420}"
EndProject
Project("{2150E333-8FDC-42A3-9474-1A3956D46DE8}") = "SM.Application", "SM.Application", "{D0E1501D-B3D1-4341-B791-6E37F0F45A95}"
EndProject
Project("{9A19103F-16F7-4668-BE54-9A1E7A4F7556}") = "ShopManagement.Application.Contracts", "ShopManagement.Application.Contracts\ShopManagement.Application.Contracts.csproj", "{D006FE9E-AF1A-4CA7-9976-E18125B199AB}"
EndProject
Project("{9A19103F-16F7-4668-BE54-9A1E7A4F7556}") = "ShopManagement.Application", "ShopManagement.Application\ShopManagement.Application.csproj", "{A00E87DC-5DF5-4087-A0D0-B03B00010D94}"
EndProject
Project("{2150E333-8FDC-42A3-9474-1A3956D46DE8}") = "SM.Infrastructure", "SM.Infrastructure", "{23CDFA38-06F1-481C-B088-A6C7C90DEB85}"
EndProject
Project("{9A19103F-16F7-4668-BE54-9A1E7A4F7556}") = "ShopManagement.Infrastructure.EfCore", "ShopManagement.Infrastructure.EfCore\ShopManagement.Infrastructure.EfCore.csproj", "{33AEF273-38DF-4536-8CA9-08CFA60E8C54}"
EndProject
Project("{9A19103F-16F7-4668-BE54-9A1E7A4F7556}") = "ShopManagement.Configuration", "ShopManagement.Configuration\ShopManagement.Configuration.csproj", "{7A732525-3184-4B52-9A45-6B46D23740C7}"
EndProject
Project("{9A19103F-16F7-4668-BE54-9A1E7A4F7556}") = "ServiceHost", "ServiceHost\ServiceHost.csproj", "{509FA71B-CF8B-4BDC-8121-E9824D4EB4DE}"
EndProject
Project("{9A19103F-16F7-4668-BE54-9A1E7A4F7556}") = "01_LampshadeQuery", "01_LampshadeQuery\01_LampshadeQuery.csproj", "{DFA70396-2EB7-467F-95C4-22AADEA56E5A}"
EndProject
Project("{2150E333-8FDC-42A3-9474-1A3956D46DE8}") = "DiscountManagement", "DiscountManagement", "{1930615F-6323-4577-A5A2-603A73312111}"
EndProject
Project("{2150E333-8FDC-42A3-9474-1A3956D46DE8}") = "DM.Domain", "DM.Domain", "{F9E3A8C2-9132-4E21-8443-8DC69BF6667C}"
EndProject
Project("{9A19103F-16F7-4668-BE54-9A1E7A4F7556}") = "DiscountManagement.Domain", "DiscountManagement.Domain\DiscountManagement.Domain.csproj", "{720B1F88-67D2-4CF6-B633-B354926EC778}"
EndProject
Project("{2150E333-8FDC-42A3-9474-1A3956D46DE8}") = "DM.Application", "DM.Application", "{9132ACEA-F557-40F5-9E36-C631D6B8A059}"
EndProject
Project("{9A19103F-16F7-4668-BE54-9A1E7A4F7556}") = "DiscountManagement.Application.Contract", "DiscountManagement.Application.Contract\DiscountManagement.Application.Contract.csproj", "{45D2BDA6-3640-4B57-8F2A-1A59B8CB916E}"
EndProject
Project("{9A19103F-16F7-4668-BE54-9A1E7A4F7556}") = "DiscountManagement.Application", "DiscountManagement.Application\DiscountManagement.Application.csproj", "{FF3024CF-D4DC-477D-A25D-2E7C58CA73DB}"
EndProject
Project("{2150E333-8FDC-42A3-9474-1A3956D46DE8}") = "DM.Infrastructure", "DM.Infrastructure", "{7351FD6B-7B7F-4676-B96B-E73AB7969FD2}"
EndProject
Project("{9A19103F-16F7-4668-BE54-9A1E7A4F7556}") = "DiscountManagement.Infrastructure.EFCore", "DiscountManagement.Infrastructure.EFCore\DiscountManagement.Infrastructure.EFCore.csproj", "{FF60B0CD-16C2-479C-B71C-190A7E9A7B23}"
EndProject
Project("{9A19103F-16F7-4668-BE54-9A1E7A4F7556}") = "DiscountManagement.Configuration", "DiscountManagement.Configuration\DiscountManagement.Configuration.csproj", "{65C68907-7652-4391-B6AE-503B87C46591}"
EndProject
Project("{2150E333-8FDC-42A3-9474-1A3956D46DE8}") = "InventoryManagement", "InventoryManagement", "{A323B696-D1EC-4EB2-8C48-86A01F580F5C}"
EndProject
Project("{2150E333-8FDC-42A3-9474-1A3956D46DE8}") = "IM.Domain", "IM.Domain", "{17F224C8-A594-4269-A77F-FC3CF79F5D09}"
EndProject
Project("{FAE04EC0-301F-11D3-BF4B-00C04F79EFBC}") = "InventoryManagement.Domain", "InventoryManagement.Domain\InventoryManagement.Domain.csproj", "{5C50075E-0253-4C26-8862-ADAE14A4B245}"
EndProject
Project("{2150E333-8FDC-42A3-9474-1A3956D46DE8}") = "IM.Application", "IM.Application", "{E36E0F5B-08FA-4ADF-8320-5F6FA6132333}"
EndProject
Project("{FAE04EC0-301F-11D3-BF4B-00C04F79EFBC}") = "InventoryManagement.Application.Contract", "InventoryManagement.Application.Contract\InventoryManagement.Application.Contract.csproj", "{C78F21D5-EB64-4BEF-870D-FBF8ECF123A2}"
EndProject
Global
	GlobalSection(SolutionConfigurationPlatforms) = preSolution
		Debug|Any CPU = Debug|Any CPU
		Release|Any CPU = Release|Any CPU
	EndGlobalSection
	GlobalSection(ProjectConfigurationPlatforms) = postSolution
		{DFEBDA43-E897-4227-ADD0-FB05C5FF6496}.Debug|Any CPU.ActiveCfg = Debug|Any CPU
		{DFEBDA43-E897-4227-ADD0-FB05C5FF6496}.Debug|Any CPU.Build.0 = Debug|Any CPU
		{DFEBDA43-E897-4227-ADD0-FB05C5FF6496}.Release|Any CPU.ActiveCfg = Release|Any CPU
		{DFEBDA43-E897-4227-ADD0-FB05C5FF6496}.Release|Any CPU.Build.0 = Release|Any CPU
		{EA5A8A55-70EC-449F-84C7-040DF1884420}.Debug|Any CPU.ActiveCfg = Debug|Any CPU
		{EA5A8A55-70EC-449F-84C7-040DF1884420}.Debug|Any CPU.Build.0 = Debug|Any CPU
		{EA5A8A55-70EC-449F-84C7-040DF1884420}.Release|Any CPU.ActiveCfg = Release|Any CPU
		{EA5A8A55-70EC-449F-84C7-040DF1884420}.Release|Any CPU.Build.0 = Release|Any CPU
		{D006FE9E-AF1A-4CA7-9976-E18125B199AB}.Debug|Any CPU.ActiveCfg = Debug|Any CPU
		{D006FE9E-AF1A-4CA7-9976-E18125B199AB}.Debug|Any CPU.Build.0 = Debug|Any CPU
		{D006FE9E-AF1A-4CA7-9976-E18125B199AB}.Release|Any CPU.ActiveCfg = Release|Any CPU
		{D006FE9E-AF1A-4CA7-9976-E18125B199AB}.Release|Any CPU.Build.0 = Release|Any CPU
		{A00E87DC-5DF5-4087-A0D0-B03B00010D94}.Debug|Any CPU.ActiveCfg = Debug|Any CPU
		{A00E87DC-5DF5-4087-A0D0-B03B00010D94}.Debug|Any CPU.Build.0 = Debug|Any CPU
		{A00E87DC-5DF5-4087-A0D0-B03B00010D94}.Release|Any CPU.ActiveCfg = Release|Any CPU
		{A00E87DC-5DF5-4087-A0D0-B03B00010D94}.Release|Any CPU.Build.0 = Release|Any CPU
		{33AEF273-38DF-4536-8CA9-08CFA60E8C54}.Debug|Any CPU.ActiveCfg = Debug|Any CPU
		{33AEF273-38DF-4536-8CA9-08CFA60E8C54}.Debug|Any CPU.Build.0 = Debug|Any CPU
		{33AEF273-38DF-4536-8CA9-08CFA60E8C54}.Release|Any CPU.ActiveCfg = Release|Any CPU
		{33AEF273-38DF-4536-8CA9-08CFA60E8C54}.Release|Any CPU.Build.0 = Release|Any CPU
		{7A732525-3184-4B52-9A45-6B46D23740C7}.Debug|Any CPU.ActiveCfg = Debug|Any CPU
		{7A732525-3184-4B52-9A45-6B46D23740C7}.Debug|Any CPU.Build.0 = Debug|Any CPU
		{7A732525-3184-4B52-9A45-6B46D23740C7}.Release|Any CPU.ActiveCfg = Release|Any CPU
		{7A732525-3184-4B52-9A45-6B46D23740C7}.Release|Any CPU.Build.0 = Release|Any CPU
		{509FA71B-CF8B-4BDC-8121-E9824D4EB4DE}.Debug|Any CPU.ActiveCfg = Debug|Any CPU
		{509FA71B-CF8B-4BDC-8121-E9824D4EB4DE}.Debug|Any CPU.Build.0 = Debug|Any CPU
		{509FA71B-CF8B-4BDC-8121-E9824D4EB4DE}.Release|Any CPU.ActiveCfg = Release|Any CPU
		{509FA71B-CF8B-4BDC-8121-E9824D4EB4DE}.Release|Any CPU.Build.0 = Release|Any CPU
		{DFA70396-2EB7-467F-95C4-22AADEA56E5A}.Debug|Any CPU.ActiveCfg = Debug|Any CPU
		{DFA70396-2EB7-467F-95C4-22AADEA56E5A}.Debug|Any CPU.Build.0 = Debug|Any CPU
		{DFA70396-2EB7-467F-95C4-22AADEA56E5A}.Release|Any CPU.ActiveCfg = Release|Any CPU
		{DFA70396-2EB7-467F-95C4-22AADEA56E5A}.Release|Any CPU.Build.0 = Release|Any CPU
		{720B1F88-67D2-4CF6-B633-B354926EC778}.Debug|Any CPU.ActiveCfg = Debug|Any CPU
		{720B1F88-67D2-4CF6-B633-B354926EC778}.Debug|Any CPU.Build.0 = Debug|Any CPU
		{720B1F88-67D2-4CF6-B633-B354926EC778}.Release|Any CPU.ActiveCfg = Release|Any CPU
		{720B1F88-67D2-4CF6-B633-B354926EC778}.Release|Any CPU.Build.0 = Release|Any CPU
		{45D2BDA6-3640-4B57-8F2A-1A59B8CB916E}.Debug|Any CPU.ActiveCfg = Debug|Any CPU
		{45D2BDA6-3640-4B57-8F2A-1A59B8CB916E}.Debug|Any CPU.Build.0 = Debug|Any CPU
		{45D2BDA6-3640-4B57-8F2A-1A59B8CB916E}.Release|Any CPU.ActiveCfg = Release|Any CPU
		{45D2BDA6-3640-4B57-8F2A-1A59B8CB916E}.Release|Any CPU.Build.0 = Release|Any CPU
		{FF3024CF-D4DC-477D-A25D-2E7C58CA73DB}.Debug|Any CPU.ActiveCfg = Debug|Any CPU
		{FF3024CF-D4DC-477D-A25D-2E7C58CA73DB}.Debug|Any CPU.Build.0 = Debug|Any CPU
		{FF3024CF-D4DC-477D-A25D-2E7C58CA73DB}.Release|Any CPU.ActiveCfg = Release|Any CPU
		{FF3024CF-D4DC-477D-A25D-2E7C58CA73DB}.Release|Any CPU.Build.0 = Release|Any CPU
		{FF60B0CD-16C2-479C-B71C-190A7E9A7B23}.Debug|Any CPU.ActiveCfg = Debug|Any CPU
		{FF60B0CD-16C2-479C-B71C-190A7E9A7B23}.Debug|Any CPU.Build.0 = Debug|Any CPU
		{FF60B0CD-16C2-479C-B71C-190A7E9A7B23}.Release|Any CPU.ActiveCfg = Release|Any CPU
		{FF60B0CD-16C2-479C-B71C-190A7E9A7B23}.Release|Any CPU.Build.0 = Release|Any CPU
		{65C68907-7652-4391-B6AE-503B87C46591}.Debug|Any CPU.ActiveCfg = Debug|Any CPU
		{65C68907-7652-4391-B6AE-503B87C46591}.Debug|Any CPU.Build.0 = Debug|Any CPU
		{65C68907-7652-4391-B6AE-503B87C46591}.Release|Any CPU.ActiveCfg = Release|Any CPU
		{65C68907-7652-4391-B6AE-503B87C46591}.Release|Any CPU.Build.0 = Release|Any CPU
		{5C50075E-0253-4C26-8862-ADAE14A4B245}.Debug|Any CPU.ActiveCfg = Debug|Any CPU
		{5C50075E-0253-4C26-8862-ADAE14A4B245}.Debug|Any CPU.Build.0 = Debug|Any CPU
		{5C50075E-0253-4C26-8862-ADAE14A4B245}.Release|Any CPU.ActiveCfg = Release|Any CPU
		{5C50075E-0253-4C26-8862-ADAE14A4B245}.Release|Any CPU.Build.0 = Release|Any CPU
		{C78F21D5-EB64-4BEF-870D-FBF8ECF123A2}.Debug|Any CPU.ActiveCfg = Debug|Any CPU
		{C78F21D5-EB64-4BEF-870D-FBF8ECF123A2}.Debug|Any CPU.Build.0 = Debug|Any CPU
		{C78F21D5-EB64-4BEF-870D-FBF8ECF123A2}.Release|Any CPU.ActiveCfg = Release|Any CPU
		{C78F21D5-EB64-4BEF-870D-FBF8ECF123A2}.Release|Any CPU.Build.0 = Release|Any CPU
	EndGlobalSection
	GlobalSection(SolutionProperties) = preSolution
		HideSolutionNode = FALSE
	EndGlobalSection
	GlobalSection(NestedProjects) = preSolution
		{746D1A95-7B07-4D6C-9008-166E678CB36B} = {77BF6B43-A1CC-4B07-9342-D7EB30D6C105}
		{DFEBDA43-E897-4227-ADD0-FB05C5FF6496} = {746D1A95-7B07-4D6C-9008-166E678CB36B}
		{D0E1501D-B3D1-4341-B791-6E37F0F45A95} = {77BF6B43-A1CC-4B07-9342-D7EB30D6C105}
		{D006FE9E-AF1A-4CA7-9976-E18125B199AB} = {D0E1501D-B3D1-4341-B791-6E37F0F45A95}
		{A00E87DC-5DF5-4087-A0D0-B03B00010D94} = {D0E1501D-B3D1-4341-B791-6E37F0F45A95}
		{23CDFA38-06F1-481C-B088-A6C7C90DEB85} = {77BF6B43-A1CC-4B07-9342-D7EB30D6C105}
		{33AEF273-38DF-4536-8CA9-08CFA60E8C54} = {23CDFA38-06F1-481C-B088-A6C7C90DEB85}
		{7A732525-3184-4B52-9A45-6B46D23740C7} = {23CDFA38-06F1-481C-B088-A6C7C90DEB85}
		{F9E3A8C2-9132-4E21-8443-8DC69BF6667C} = {1930615F-6323-4577-A5A2-603A73312111}
		{720B1F88-67D2-4CF6-B633-B354926EC778} = {F9E3A8C2-9132-4E21-8443-8DC69BF6667C}
		{9132ACEA-F557-40F5-9E36-C631D6B8A059} = {1930615F-6323-4577-A5A2-603A73312111}
		{45D2BDA6-3640-4B57-8F2A-1A59B8CB916E} = {9132ACEA-F557-40F5-9E36-C631D6B8A059}
		{FF3024CF-D4DC-477D-A25D-2E7C58CA73DB} = {9132ACEA-F557-40F5-9E36-C631D6B8A059}
		{7351FD6B-7B7F-4676-B96B-E73AB7969FD2} = {1930615F-6323-4577-A5A2-603A73312111}
		{FF60B0CD-16C2-479C-B71C-190A7E9A7B23} = {7351FD6B-7B7F-4676-B96B-E73AB7969FD2}
		{65C68907-7652-4391-B6AE-503B87C46591} = {7351FD6B-7B7F-4676-B96B-E73AB7969FD2}
		{17F224C8-A594-4269-A77F-FC3CF79F5D09} = {A323B696-D1EC-4EB2-8C48-86A01F580F5C}
		{5C50075E-0253-4C26-8862-ADAE14A4B245} = {17F224C8-A594-4269-A77F-FC3CF79F5D09}
		{E36E0F5B-08FA-4ADF-8320-5F6FA6132333} = {A323B696-D1EC-4EB2-8C48-86A01F580F5C}
		{C78F21D5-EB64-4BEF-870D-FBF8ECF123A2} = {E36E0F5B-08FA-4ADF-8320-5F6FA6132333}
	EndGlobalSection
	GlobalSection(ExtensibilityGlobals) = postSolution
		SolutionGuid = {A07F1D15-CCCC-44AA-AC53-D4F57840E782}
	EndGlobalSection
EndGlobal
